// !$*UTF8*$!
{
	archiveVersion = 1;
	classes = {
	};
	objectVersion = 46;
	objects = {

/* Begin PBXBuildFile section */
		C089AC5E18E82F5400A2260F /* XMLHandler.m in Sources */ = {isa = PBXBuildFile; fileRef = C089AC5D18E82F5400A2260F /* XMLHandler.m */; };
		C089AC6318E830BC00A2260F /* NSData+NSDataAdditions.m in Sources */ = {isa = PBXBuildFile; fileRef = C089AC6018E830BC00A2260F /* NSData+NSDataAdditions.m */; };
		C089AC6418E830BC00A2260F /* NSString+NSStringAdditions.m in Sources */ = {isa = PBXBuildFile; fileRef = C089AC6218E830BC00A2260F /* NSString+NSStringAdditions.m */; };
		C089AC7118E8315700A2260F /* ArchiveHandler.m in Sources */ = {isa = PBXBuildFile; fileRef = C089AC6818E8315700A2260F /* ArchiveHandler.m */; };
		C089AC7218E8315700A2260F /* ExecuteProgram.m in Sources */ = {isa = PBXBuildFile; fileRef = C089AC6A18E8315700A2260F /* ExecuteProgram.m */; };
		C089AC7318E8315700A2260F /* PListHandler.m in Sources */ = {isa = PBXBuildFile; fileRef = C089AC6C18E8315700A2260F /* PListHandler.m */; };
		C089AC7418E8315700A2260F /* UploadToAppC.m in Sources */ = {isa = PBXBuildFile; fileRef = C089AC6E18E8315700A2260F /* UploadToAppC.m */; };
		C089AC7518E8315700A2260F /* XMLDatasetHandler.m in Sources */ = {isa = PBXBuildFile; fileRef = C089AC7018E8315700A2260F /* XMLDatasetHandler.m */; };
		C089AC7A18E8AC6B00A2260F /* Configuration.m in Sources */ = {isa = PBXBuildFile; fileRef = C089AC7918E8AC6B00A2260F /* Configuration.m */; };
		C089AC7E18E8D16200A2260F /* MDXHandler.m in Sources */ = {isa = PBXBuildFile; fileRef = C089AC7D18E8D16200A2260F /* MDXHandler.m */; };
		C089AC8018E9A86600A2260F /* Security.framework in Frameworks */ = {isa = PBXBuildFile; fileRef = C089AC7F18E9A86600A2260F /* Security.framework */; };
		C0ABAC7A18EEBEA40098F810 /* AppcHandler.m in Sources */ = {isa = PBXBuildFile; fileRef = C0ABAC7918EEBEA40098F810 /* AppcHandler.m */; };
		C0BBE87518DDD65300119E2E /* main.m in Sources */ = {isa = PBXBuildFile; fileRef = C0BBE87418DDD65300119E2E /* main.m */; };
		C0BBE87718DDD65300119E2E /* mm2PackagingFactory.1 in CopyFiles */ = {isa = PBXBuildFile; fileRef = C0BBE87618DDD65300119E2E /* mm2PackagingFactory.1 */; };
		C0BBE88C18DDEC7600119E2E /* Cocoa.framework in Frameworks */ = {isa = PBXBuildFile; fileRef = C0BBE88B18DDEC7600119E2E /* Cocoa.framework */; };
		C0BBE89918DE18DC00119E2E /* MDXApp.m in Sources */ = {isa = PBXBuildFile; fileRef = C0BBE89818DE18DC00119E2E /* MDXApp.m */; };
		C0BBE89C18DE1C3B00119E2E /* AppsToProcess.m in Sources */ = {isa = PBXBuildFile; fileRef = C0BBE89B18DE1C3B00119E2E /* AppsToProcess.m */; };
		C0BBE8B418DF456C00119E2E /* ioapi.c in Sources */ = {isa = PBXBuildFile; fileRef = C0BBE8AA18DF456C00119E2E /* ioapi.c */; };
		C0BBE8B518DF456C00119E2E /* mztools.c in Sources */ = {isa = PBXBuildFile; fileRef = C0BBE8AC18DF456C00119E2E /* mztools.c */; };
		C0BBE8B618DF456C00119E2E /* unzip.c in Sources */ = {isa = PBXBuildFile; fileRef = C0BBE8AE18DF456C00119E2E /* unzip.c */; };
		C0BBE8B718DF456C00119E2E /* zip.c in Sources */ = {isa = PBXBuildFile; fileRef = C0BBE8B018DF456C00119E2E /* zip.c */; };
		C0BBE8B818DF456C00119E2E /* ZipArchive.mm in Sources */ = {isa = PBXBuildFile; fileRef = C0BBE8B318DF456C00119E2E /* ZipArchive.mm */; };
		C0BBE8BA18DF48B900119E2E /* libz.1.2.5.dylib in Frameworks */ = {isa = PBXBuildFile; fileRef = C0BBE8B918DF48B900119E2E /* libz.1.2.5.dylib */; };
/* End PBXBuildFile section */

/* Begin PBXCopyFilesBuildPhase section */
		C0BBE86C18DDD65300119E2E /* CopyFiles */ = {
			isa = PBXCopyFilesBuildPhase;
			buildActionMask = 2147483647;
			dstPath = /usr/share/man/man1/;
			dstSubfolderSpec = 0;
			files = (
				C0BBE87718DDD65300119E2E /* mm2PackagingFactory.1 in CopyFiles */,
			);
			runOnlyForDeploymentPostprocessing = 1;
		};
/* End PBXCopyFilesBuildPhase section */

/* Begin PBXFileReference section */
		A10C3FE2196ED84D0029D214 /* apps.xml */ = {isa = PBXFileReference; fileEncoding = 4; lastKnownFileType = text.xml; path = apps.xml; sourceTree = "<group>"; };
		A10C3FE3196ED84D0029D214 /* servers.xml */ = {isa = PBXFileReference; fileEncoding = 4; lastKnownFileType = text.xml; path = servers.xml; sourceTree = "<group>"; };
		A1A710D0198138D9008370BB /* scratchpad.txt */ = {isa = PBXFileReference; fileEncoding = 4; lastKnownFileType = text; path = scratchpad.txt; sourceTree = "<group>"; };
		A1C7A2B7198244F6008343C8 /* login.txt */ = {isa = PBXFileReference; lastKnownFileType = text; name = login.txt; path = mm2PackagingFactory/Resources/login.txt; sourceTree = "<group>"; };
		C089AC5C18E82F5400A2260F /* XMLHandler.h */ = {isa = PBXFileReference; fileEncoding = 4; lastKnownFileType = sourcecode.c.h; path = XMLHandler.h; sourceTree = "<group>"; };
		C089AC5D18E82F5400A2260F /* XMLHandler.m */ = {isa = PBXFileReference; fileEncoding = 4; lastKnownFileType = sourcecode.c.objc; path = XMLHandler.m; sourceTree = "<group>"; };
		C089AC5F18E830BC00A2260F /* NSData+NSDataAdditions.h */ = {isa = PBXFileReference; fileEncoding = 4; lastKnownFileType = sourcecode.c.h; path = "NSData+NSDataAdditions.h"; sourceTree = "<group>"; };
		C089AC6018E830BC00A2260F /* NSData+NSDataAdditions.m */ = {isa = PBXFileReference; fileEncoding = 4; lastKnownFileType = sourcecode.c.objc; path = "NSData+NSDataAdditions.m"; sourceTree = "<group>"; };
		C089AC6118E830BC00A2260F /* NSString+NSStringAdditions.h */ = {isa = PBXFileReference; fileEncoding = 4; lastKnownFileType = sourcecode.c.h; path = "NSString+NSStringAdditions.h"; sourceTree = "<group>"; };
		C089AC6218E830BC00A2260F /* NSString+NSStringAdditions.m */ = {isa = PBXFileReference; fileEncoding = 4; lastKnownFileType = sourcecode.c.objc; path = "NSString+NSStringAdditions.m"; sourceTree = "<group>"; };
		C089AC6718E8315700A2260F /* ArchiveHandler.h */ = {isa = PBXFileReference; fileEncoding = 4; lastKnownFileType = sourcecode.c.h; path = ArchiveHandler.h; sourceTree = "<group>"; };
		C089AC6818E8315700A2260F /* ArchiveHandler.m */ = {isa = PBXFileReference; fileEncoding = 4; lastKnownFileType = sourcecode.c.objc; path = ArchiveHandler.m; sourceTree = "<group>"; };
		C089AC6918E8315700A2260F /* ExecuteProgram.h */ = {isa = PBXFileReference; fileEncoding = 4; lastKnownFileType = sourcecode.c.h; path = ExecuteProgram.h; sourceTree = "<group>"; };
		C089AC6A18E8315700A2260F /* ExecuteProgram.m */ = {isa = PBXFileReference; fileEncoding = 4; lastKnownFileType = sourcecode.c.objc; path = ExecuteProgram.m; sourceTree = "<group>"; };
		C089AC6B18E8315700A2260F /* PListHandler.h */ = {isa = PBXFileReference; fileEncoding = 4; lastKnownFileType = sourcecode.c.h; path = PListHandler.h; sourceTree = "<group>"; };
		C089AC6C18E8315700A2260F /* PListHandler.m */ = {isa = PBXFileReference; fileEncoding = 4; lastKnownFileType = sourcecode.c.objc; path = PListHandler.m; sourceTree = "<group>"; };
		C089AC6D18E8315700A2260F /* UploadToAppC.h */ = {isa = PBXFileReference; fileEncoding = 4; lastKnownFileType = sourcecode.c.h; path = UploadToAppC.h; sourceTree = "<group>"; };
		C089AC6E18E8315700A2260F /* UploadToAppC.m */ = {isa = PBXFileReference; fileEncoding = 4; lastKnownFileType = sourcecode.c.objc; path = UploadToAppC.m; sourceTree = "<group>"; };
		C089AC6F18E8315700A2260F /* XMLDatasetHandler.h */ = {isa = PBXFileReference; fileEncoding = 4; lastKnownFileType = sourcecode.c.h; path = XMLDatasetHandler.h; sourceTree = "<group>"; };
		C089AC7018E8315700A2260F /* XMLDatasetHandler.m */ = {isa = PBXFileReference; fileEncoding = 4; lastKnownFileType = sourcecode.c.objc; path = XMLDatasetHandler.m; sourceTree = "<group>"; };
		C089AC7618E8326300A2260F /* AppcList.xml */ = {isa = PBXFileReference; fileEncoding = 4; lastKnownFileType = text.xml; name = AppcList.xml; path = mm2PackagingFactory/Resources/AppcList.xml; sourceTree = "<group>"; };
		C089AC7718E8326300A2260F /* MM2AppList.xml */ = {isa = PBXFileReference; fileEncoding = 4; lastKnownFileType = text.xml; name = MM2AppList.xml; path = mm2PackagingFactory/Resources/MM2AppList.xml; sourceTree = "<group>"; };
		C089AC7818E8AC6B00A2260F /* Configuration.h */ = {isa = PBXFileReference; fileEncoding = 4; lastKnownFileType = sourcecode.c.h; name = Configuration.h; path = DataModels/Configuration.h; sourceTree = "<group>"; };
		C089AC7918E8AC6B00A2260F /* Configuration.m */ = {isa = PBXFileReference; fileEncoding = 4; lastKnownFileType = sourcecode.c.objc; name = Configuration.m; path = DataModels/Configuration.m; sourceTree = "<group>"; };
		C089AC7C18E8D16200A2260F /* MDXHandler.h */ = {isa = PBXFileReference; fileEncoding = 4; lastKnownFileType = sourcecode.c.h; path = MDXHandler.h; sourceTree = "<group>"; };
		C089AC7D18E8D16200A2260F /* MDXHandler.m */ = {isa = PBXFileReference; fileEncoding = 4; lastKnownFileType = sourcecode.c.objc; path = MDXHandler.m; sourceTree = "<group>"; };
		C089AC7F18E9A86600A2260F /* Security.framework */ = {isa = PBXFileReference; lastKnownFileType = wrapper.framework; name = Security.framework; path = System/Library/Frameworks/Security.framework; sourceTree = SDKROOT; };
		C0ABAC7818EEBEA40098F810 /* AppcHandler.h */ = {isa = PBXFileReference; fileEncoding = 4; lastKnownFileType = sourcecode.c.h; path = AppcHandler.h; sourceTree = "<group>"; };
		C0ABAC7918EEBEA40098F810 /* AppcHandler.m */ = {isa = PBXFileReference; fileEncoding = 4; lastKnownFileType = sourcecode.c.objc; path = AppcHandler.m; sourceTree = "<group>"; };
		C0BBE86E18DDD65300119E2E /* mm2PackagingFactory */ = {isa = PBXFileReference; explicitFileType = "compiled.mach-o.executable"; includeInIndex = 0; path = mm2PackagingFactory; sourceTree = BUILT_PRODUCTS_DIR; };
		C0BBE87418DDD65300119E2E /* main.m */ = {isa = PBXFileReference; lastKnownFileType = sourcecode.c.objc; path = main.m; sourceTree = "<group>"; };
		C0BBE87618DDD65300119E2E /* mm2PackagingFactory.1 */ = {isa = PBXFileReference; lastKnownFileType = text.man; path = mm2PackagingFactory.1; sourceTree = "<group>"; };
		C0BBE88B18DDEC7600119E2E /* Cocoa.framework */ = {isa = PBXFileReference; lastKnownFileType = wrapper.framework; name = Cocoa.framework; path = System/Library/Frameworks/Cocoa.framework; sourceTree = SDKROOT; };
		C0BBE89718DE18DC00119E2E /* MDXApp.h */ = {isa = PBXFileReference; fileEncoding = 4; lastKnownFileType = sourcecode.c.h; name = MDXApp.h; path = DataModels/MDXApp.h; sourceTree = "<group>"; };
		C0BBE89818DE18DC00119E2E /* MDXApp.m */ = {isa = PBXFileReference; fileEncoding = 4; lastKnownFileType = sourcecode.c.objc; name = MDXApp.m; path = DataModels/MDXApp.m; sourceTree = "<group>"; };
		C0BBE89A18DE1C3B00119E2E /* AppsToProcess.h */ = {isa = PBXFileReference; fileEncoding = 4; lastKnownFileType = sourcecode.c.h; name = AppsToProcess.h; path = DataModels/AppsToProcess.h; sourceTree = "<group>"; };
		C0BBE89B18DE1C3B00119E2E /* AppsToProcess.m */ = {isa = PBXFileReference; fileEncoding = 4; lastKnownFileType = sourcecode.c.objc; name = AppsToProcess.m; path = DataModels/AppsToProcess.m; sourceTree = "<group>"; };
		C0BBE89E18DE242A00119E2E /* AppList.xml */ = {isa = PBXFileReference; fileEncoding = 4; lastKnownFileType = text.xml; name = AppList.xml; path = mm2PackagingFactory/Resources/AppList.xml; sourceTree = "<group>"; };
		C0BBE8A918DF456C00119E2E /* crypt.h */ = {isa = PBXFileReference; fileEncoding = 4; lastKnownFileType = sourcecode.c.h; path = crypt.h; sourceTree = "<group>"; };
		C0BBE8AA18DF456C00119E2E /* ioapi.c */ = {isa = PBXFileReference; fileEncoding = 4; lastKnownFileType = sourcecode.c.c; path = ioapi.c; sourceTree = "<group>"; };
		C0BBE8AB18DF456C00119E2E /* ioapi.h */ = {isa = PBXFileReference; fileEncoding = 4; lastKnownFileType = sourcecode.c.h; path = ioapi.h; sourceTree = "<group>"; };
		C0BBE8AC18DF456C00119E2E /* mztools.c */ = {isa = PBXFileReference; fileEncoding = 4; lastKnownFileType = sourcecode.c.c; path = mztools.c; sourceTree = "<group>"; };
		C0BBE8AD18DF456C00119E2E /* mztools.h */ = {isa = PBXFileReference; fileEncoding = 4; lastKnownFileType = sourcecode.c.h; path = mztools.h; sourceTree = "<group>"; };
		C0BBE8AE18DF456C00119E2E /* unzip.c */ = {isa = PBXFileReference; fileEncoding = 4; lastKnownFileType = sourcecode.c.c; path = unzip.c; sourceTree = "<group>"; };
		C0BBE8AF18DF456C00119E2E /* unzip.h */ = {isa = PBXFileReference; fileEncoding = 4; lastKnownFileType = sourcecode.c.h; path = unzip.h; sourceTree = "<group>"; };
		C0BBE8B018DF456C00119E2E /* zip.c */ = {isa = PBXFileReference; fileEncoding = 4; lastKnownFileType = sourcecode.c.c; path = zip.c; sourceTree = "<group>"; };
		C0BBE8B118DF456C00119E2E /* zip.h */ = {isa = PBXFileReference; fileEncoding = 4; lastKnownFileType = sourcecode.c.h; path = zip.h; sourceTree = "<group>"; };
		C0BBE8B218DF456C00119E2E /* ZipArchive.h */ = {isa = PBXFileReference; fileEncoding = 4; lastKnownFileType = sourcecode.c.h; path = ZipArchive.h; sourceTree = "<group>"; };
		C0BBE8B318DF456C00119E2E /* ZipArchive.mm */ = {isa = PBXFileReference; fileEncoding = 4; lastKnownFileType = sourcecode.cpp.objcpp; path = ZipArchive.mm; sourceTree = "<group>"; };
		C0BBE8B918DF48B900119E2E /* libz.1.2.5.dylib */ = {isa = PBXFileReference; lastKnownFileType = "compiled.mach-o.dylib"; name = libz.1.2.5.dylib; path = usr/lib/libz.1.2.5.dylib; sourceTree = SDKROOT; };
/* End PBXFileReference section */

/* Begin PBXFrameworksBuildPhase section */
		C0BBE86B18DDD65300119E2E /* Frameworks */ = {
			isa = PBXFrameworksBuildPhase;
			buildActionMask = 2147483647;
			files = (
				C0BBE8BA18DF48B900119E2E /* libz.1.2.5.dylib in Frameworks */,
				C089AC8018E9A86600A2260F /* Security.framework in Frameworks */,
				C0BBE88C18DDEC7600119E2E /* Cocoa.framework in Frameworks */,
			);
			runOnlyForDeploymentPostprocessing = 0;
		};
/* End PBXFrameworksBuildPhase section */

/* Begin PBXGroup section */
		A10C3FE1196ED84D0029D214 /* data */ = {
			isa = PBXGroup;
			children = (
				A10C3FE2196ED84D0029D214 /* apps.xml */,
				A10C3FE3196ED84D0029D214 /* servers.xml */,
				A1A710D0198138D9008370BB /* scratchpad.txt */,
			);
			path = data;
			sourceTree = "<group>";
		};
		C089AC5B18E82F2A00A2260F /* Utilities */ = {
			isa = PBXGroup;
			children = (
				C089AC5F18E830BC00A2260F /* NSData+NSDataAdditions.h */,
				C089AC6018E830BC00A2260F /* NSData+NSDataAdditions.m */,
				C089AC6118E830BC00A2260F /* NSString+NSStringAdditions.h */,
				C089AC6218E830BC00A2260F /* NSString+NSStringAdditions.m */,
				C089AC5C18E82F5400A2260F /* XMLHandler.h */,
				C089AC5D18E82F5400A2260F /* XMLHandler.m */,
			);
			path = Utilities;
			sourceTree = "<group>";
		};
		C089AC6618E8315700A2260F /* UnitTests */ = {
			isa = PBXGroup;
			children = (
				C089AC6718E8315700A2260F /* ArchiveHandler.h */,
				C089AC6818E8315700A2260F /* ArchiveHandler.m */,
				C089AC6918E8315700A2260F /* ExecuteProgram.h */,
				C089AC6A18E8315700A2260F /* ExecuteProgram.m */,
				C089AC6B18E8315700A2260F /* PListHandler.h */,
				C089AC6C18E8315700A2260F /* PListHandler.m */,
				C089AC6D18E8315700A2260F /* UploadToAppC.h */,
				C089AC6E18E8315700A2260F /* UploadToAppC.m */,
				C089AC6F18E8315700A2260F /* XMLDatasetHandler.h */,
				C089AC7018E8315700A2260F /* XMLDatasetHandler.m */,
			);
			path = UnitTests;
			sourceTree = "<group>";
		};
		C089AC7B18E8D11A00A2260F /* Handlers */ = {
			isa = PBXGroup;
			children = (
				C089AC7C18E8D16200A2260F /* MDXHandler.h */,
				C089AC7D18E8D16200A2260F /* MDXHandler.m */,
				C0ABAC7818EEBEA40098F810 /* AppcHandler.h */,
				C0ABAC7918EEBEA40098F810 /* AppcHandler.m */,
			);
			path = Handlers;
			sourceTree = "<group>";
		};
		C0BBE86518DDD65300119E2E = {
			isa = PBXGroup;
			children = (
				A10C3FE1196ED84D0029D214 /* data */,
				C0BBE8A718DF456C00119E2E /* ZipArchive */,
				C0BBE87318DDD65300119E2E /* mm2PackagingFactory */,
				C0BBE89D18DE23FB00119E2E /* Resources */,
				C0BBE87018DDD65300119E2E /* Frameworks */,
				C0BBE86F18DDD65300119E2E /* Products */,
			);
			sourceTree = "<group>";
		};
		C0BBE86F18DDD65300119E2E /* Products */ = {
			isa = PBXGroup;
			children = (
				C0BBE86E18DDD65300119E2E /* mm2PackagingFactory */,
			);
			name = Products;
			sourceTree = "<group>";
		};
		C0BBE87018DDD65300119E2E /* Frameworks */ = {
			isa = PBXGroup;
			children = (
				C0BBE8B918DF48B900119E2E /* libz.1.2.5.dylib */,
				C089AC7F18E9A86600A2260F /* Security.framework */,
				C0BBE88B18DDEC7600119E2E /* Cocoa.framework */,
			);
			name = Frameworks;
			sourceTree = "<group>";
		};
		C0BBE87318DDD65300119E2E /* mm2PackagingFactory */ = {
			isa = PBXGroup;
			children = (
				C0BBE87418DDD65300119E2E /* main.m */,
				C0BBE87618DDD65300119E2E /* mm2PackagingFactory.1 */,
				C0BBE89318DE182600119E2E /* DataModels */,
				C089AC7B18E8D11A00A2260F /* Handlers */,
				C089AC6618E8315700A2260F /* UnitTests */,
				C089AC5B18E82F2A00A2260F /* Utilities */,
			);
			path = mm2PackagingFactory;
			sourceTree = "<group>";
		};
		C0BBE89318DE182600119E2E /* DataModels */ = {
			isa = PBXGroup;
			children = (
				C0BBE89718DE18DC00119E2E /* MDXApp.h */,
				C0BBE89818DE18DC00119E2E /* MDXApp.m */,
				C0BBE89A18DE1C3B00119E2E /* AppsToProcess.h */,
				C0BBE89B18DE1C3B00119E2E /* AppsToProcess.m */,
				C089AC7818E8AC6B00A2260F /* Configuration.h */,
				C089AC7918E8AC6B00A2260F /* Configuration.m */,
			);
			name = DataModels;
			sourceTree = "<group>";
		};
		C0BBE89D18DE23FB00119E2E /* Resources */ = {
			isa = PBXGroup;
			children = (
				A1C7A2B7198244F6008343C8 /* login.txt */,
				C089AC7618E8326300A2260F /* AppcList.xml */,
				C089AC7718E8326300A2260F /* MM2AppList.xml */,
				C0BBE89E18DE242A00119E2E /* AppList.xml */,
			);
			name = Resources;
			sourceTree = "<group>";
		};
		C0BBE8A718DF456C00119E2E /* ZipArchive */ = {
			isa = PBXGroup;
			children = (
				C0BBE8A818DF456C00119E2E /* minizip */,
				C0BBE8B218DF456C00119E2E /* ZipArchive.h */,
				C0BBE8B318DF456C00119E2E /* ZipArchive.mm */,
			);
			path = ZipArchive;
			sourceTree = "<group>";
		};
		C0BBE8A818DF456C00119E2E /* minizip */ = {
			isa = PBXGroup;
			children = (
				C0BBE8A918DF456C00119E2E /* crypt.h */,
				C0BBE8AA18DF456C00119E2E /* ioapi.c */,
				C0BBE8AB18DF456C00119E2E /* ioapi.h */,
				C0BBE8AC18DF456C00119E2E /* mztools.c */,
				C0BBE8AD18DF456C00119E2E /* mztools.h */,
				C0BBE8AE18DF456C00119E2E /* unzip.c */,
				C0BBE8AF18DF456C00119E2E /* unzip.h */,
				C0BBE8B018DF456C00119E2E /* zip.c */,
				C0BBE8B118DF456C00119E2E /* zip.h */,
			);
			path = minizip;
			sourceTree = "<group>";
		};
/* End PBXGroup section */

/* Begin PBXNativeTarget section */
		C0BBE86D18DDD65300119E2E /* mm2PackagingFactory */ = {
			isa = PBXNativeTarget;
			buildConfigurationList = C0BBE87A18DDD65300119E2E /* Build configuration list for PBXNativeTarget "mm2PackagingFactory" */;
			buildPhases = (
				C0BBE86A18DDD65300119E2E /* Sources */,
				C0BBE86B18DDD65300119E2E /* Frameworks */,
				C0BBE86C18DDD65300119E2E /* CopyFiles */,
			);
			buildRules = (
			);
			dependencies = (
			);
			name = mm2PackagingFactory;
			productName = mm2PackagingFactory;
			productReference = C0BBE86E18DDD65300119E2E /* mm2PackagingFactory */;
			productType = "com.apple.product-type.tool";
		};
/* End PBXNativeTarget section */

/* Begin PBXProject section */
		C0BBE86618DDD65300119E2E /* Project object */ = {
			isa = PBXProject;
			attributes = {
				LastUpgradeCheck = 0510;
				ORGANIZATIONNAME = "jeremy brookfield";
			};
			buildConfigurationList = C0BBE86918DDD65300119E2E /* Build configuration list for PBXProject "mm2PackagingFactory" */;
			compatibilityVersion = "Xcode 3.2";
			developmentRegion = English;
			hasScannedForEncodings = 0;
			knownRegions = (
				en,
			);
			mainGroup = C0BBE86518DDD65300119E2E;
			productRefGroup = C0BBE86F18DDD65300119E2E /* Products */;
			projectDirPath = "";
			projectRoot = "";
			targets = (
				C0BBE86D18DDD65300119E2E /* mm2PackagingFactory */,
			);
		};
/* End PBXProject section */

/* Begin PBXSourcesBuildPhase section */
		C0BBE86A18DDD65300119E2E /* Sources */ = {
			isa = PBXSourcesBuildPhase;
			buildActionMask = 2147483647;
			files = (
				C0BBE8B618DF456C00119E2E /* unzip.c in Sources */,
				C0ABAC7A18EEBEA40098F810 /* AppcHandler.m in Sources */,
				C089AC6318E830BC00A2260F /* NSData+NSDataAdditions.m in Sources */,
				C0BBE89C18DE1C3B00119E2E /* AppsToProcess.m in Sources */,
				C089AC7A18E8AC6B00A2260F /* Configuration.m in Sources */,
				C089AC7518E8315700A2260F /* XMLDatasetHandler.m in Sources */,
				C089AC7318E8315700A2260F /* PListHandler.m in Sources */,
				C089AC7118E8315700A2260F /* ArchiveHandler.m in Sources */,
				C0BBE8B818DF456C00119E2E /* ZipArchive.mm in Sources */,
				C0BBE8B718DF456C00119E2E /* zip.c in Sources */,
				C0BBE8B518DF456C00119E2E /* mztools.c in Sources */,
				C0BBE87518DDD65300119E2E /* main.m in Sources */,
				C0BBE89918DE18DC00119E2E /* MDXApp.m in Sources */,
				C089AC7418E8315700A2260F /* UploadToAppC.m in Sources */,
				C089AC7E18E8D16200A2260F /* MDXHandler.m in Sources */,
				C089AC7218E8315700A2260F /* ExecuteProgram.m in Sources */,
				C089AC6418E830BC00A2260F /* NSString+NSStringAdditions.m in Sources */,
				C0BBE8B418DF456C00119E2E /* ioapi.c in Sources */,
				C089AC5E18E82F5400A2260F /* XMLHandler.m in Sources */,
			);
			runOnlyForDeploymentPostprocessing = 0;
		};
/* End PBXSourcesBuildPhase section */

/* Begin XCBuildConfiguration section */
		C0BBE87818DDD65300119E2E /* Debug */ = {
			isa = XCBuildConfiguration;
			buildSettings = {
				ALWAYS_SEARCH_USER_PATHS = NO;
				ARCHS = "$(ARCHS_STANDARD)";
				CLANG_CXX_LANGUAGE_STANDARD = "gnu++0x";
				CLANG_CXX_LIBRARY = "libc++";
				CLANG_ENABLE_MODULES = YES;
				CLANG_ENABLE_OBJC_ARC = YES;
				CLANG_WARN_BOOL_CONVERSION = YES;
				CLANG_WARN_CONSTANT_CONVERSION = YES;
				CLANG_WARN_DIRECT_OBJC_ISA_USAGE = YES_ERROR;
				CLANG_WARN_EMPTY_BODY = YES;
				CLANG_WARN_ENUM_CONVERSION = YES;
				CLANG_WARN_INT_CONVERSION = YES;
				CLANG_WARN_OBJC_ROOT_CLASS = YES_ERROR;
				CLANG_WARN__DUPLICATE_METHOD_MATCH = YES;
				COPY_PHASE_STRIP = NO;
				GCC_C_LANGUAGE_STANDARD = gnu99;
				GCC_DYNAMIC_NO_PIC = NO;
				GCC_ENABLE_OBJC_EXCEPTIONS = YES;
				GCC_OPTIMIZATION_LEVEL = 0;
				GCC_PREPROCESSOR_DEFINITIONS = (
					"DEBUG=1",
					"$(inherited)",
				);
				GCC_SYMBOLS_PRIVATE_EXTERN = NO;
				GCC_WARN_64_TO_32_BIT_CONVERSION = YES;
				GCC_WARN_ABOUT_RETURN_TYPE = YES_ERROR;
				GCC_WARN_UNDECLARED_SELECTOR = YES;
				GCC_WARN_UNINITIALIZED_AUTOS = YES_AGGRESSIVE;
				GCC_WARN_UNUSED_FUNCTION = YES;
				GCC_WARN_UNUSED_VARIABLE = YES;
				HEADER_SEARCH_PATHS = (
					"$(inherited)",
					/Applications/Xcode.app/Contents/Developer/Toolchains/XcodeDefault.xctoolchain/usr/include,
					/usr/include/libxml2,
				);
				MACOSX_DEPLOYMENT_TARGET = 10.9;
				ONLY_ACTIVE_ARCH = YES;
				OTHER_LDFLAGS = "-lxml2";
				SCAN_ALL_SOURCE_FILES_FOR_INCLUDES = NO;
				SDKROOT = macosx;
			};
			name = Debug;
		};
		C0BBE87918DDD65300119E2E /* Release */ = {
			isa = XCBuildConfiguration;
			buildSettings = {
				ALWAYS_SEARCH_USER_PATHS = NO;
				ARCHS = "$(ARCHS_STANDARD)";
				CLANG_CXX_LANGUAGE_STANDARD = "gnu++0x";
				CLANG_CXX_LIBRARY = "libc++";
				CLANG_ENABLE_MODULES = YES;
				CLANG_ENABLE_OBJC_ARC = YES;
				CLANG_WARN_BOOL_CONVERSION = YES;
				CLANG_WARN_CONSTANT_CONVERSION = YES;
				CLANG_WARN_DIRECT_OBJC_ISA_USAGE = YES_ERROR;
				CLANG_WARN_EMPTY_BODY = YES;
				CLANG_WARN_ENUM_CONVERSION = YES;
				CLANG_WARN_INT_CONVERSION = YES;
				CLANG_WARN_OBJC_ROOT_CLASS = YES_ERROR;
				CLANG_WARN__DUPLICATE_METHOD_MATCH = YES;
				COPY_PHASE_STRIP = YES;
				DEBUG_INFORMATION_FORMAT = "dwarf-with-dsym";
				ENABLE_NS_ASSERTIONS = NO;
				GCC_C_LANGUAGE_STANDARD = gnu99;
				GCC_ENABLE_OBJC_EXCEPTIONS = YES;
				GCC_WARN_64_TO_32_BIT_CONVERSION = YES;
				GCC_WARN_ABOUT_RETURN_TYPE = YES_ERROR;
				GCC_WARN_UNDECLARED_SELECTOR = YES;
				GCC_WARN_UNINITIALIZED_AUTOS = YES_AGGRESSIVE;
				GCC_WARN_UNUSED_FUNCTION = YES;
				GCC_WARN_UNUSED_VARIABLE = YES;
				HEADER_SEARCH_PATHS = (
					"$(inherited)",
					/Applications/Xcode.app/Contents/Developer/Toolchains/XcodeDefault.xctoolchain/usr/include,
					/usr/include/libxml2,
				);
				MACOSX_DEPLOYMENT_TARGET = 10.9;
				OTHER_LDFLAGS = "-lxml2";
				SCAN_ALL_SOURCE_FILES_FOR_INCLUDES = NO;
				SDKROOT = macosx;
			};
			name = Release;
		};
		C0BBE87B18DDD65300119E2E /* Debug */ = {
			isa = XCBuildConfiguration;
			buildSettings = {
				FRAMEWORK_SEARCH_PATHS = (
					"$(inherited)",
					"$(PROJECT_DIR)",
				);
				PRODUCT_NAME = "$(TARGET_NAME)";
			};
			name = Debug;
		};
		C0BBE87C18DDD65300119E2E /* Release */ = {
			isa = XCBuildConfiguration;
			buildSettings = {
				FRAMEWORK_SEARCH_PATHS = (
					"$(inherited)",
					"$(PROJECT_DIR)",
				);
				PRODUCT_NAME = "$(TARGET_NAME)";
			};
			name = Release;
		};
/* End XCBuildConfiguration section */

/* Begin XCConfigurationList section */
		C0BBE86918DDD65300119E2E /* Build configuration list for PBXProject "mm2PackagingFactory" */ = {
			isa = XCConfigurationList;
			buildConfigurations = (
				C0BBE87818DDD65300119E2E /* Debug */,
				C0BBE87918DDD65300119E2E /* Release */,
			);
			defaultConfigurationIsVisible = 0;
			defaultConfigurationName = Release;
		};
		C0BBE87A18DDD65300119E2E /* Build configuration list for PBXNativeTarget "mm2PackagingFactory" */ = {
			isa = XCConfigurationList;
			buildConfigurations = (
				C0BBE87B18DDD65300119E2E /* Debug */,
				C0BBE87C18DDD65300119E2E /* Release */,
			);
			defaultConfigurationIsVisible = 0;
			defaultConfigurationName = Release;
		};
/* End XCConfigurationList section */
	};
	rootObject = C0BBE86618DDD65300119E2E /* Project object */;
}
